// !$*UTF8*$!
{
	archiveVersion = 1;
	classes = {
	};
	objectVersion = 50;
	objects = {

/* Begin PBXBuildFile section */
		F69C1797244F9D730006E8B8 /* MyScene.rcproject in Sources */ = {isa = PBXBuildFile; fileRef = F6ED0DA5244F9CC50056F47C /* MyScene.rcproject */; };
		F6B22F59244899CF005BB6E7 /* AppDelegate.swift in Sources */ = {isa = PBXBuildFile; fileRef = F6B22F58244899CF005BB6E7 /* AppDelegate.swift */; };
		F6B22F5B244899CF005BB6E7 /* ViewController.swift in Sources */ = {isa = PBXBuildFile; fileRef = F6B22F5A244899CF005BB6E7 /* ViewController.swift */; };
		F6B22F60244899CF005BB6E7 /* Main.storyboard in Resources */ = {isa = PBXBuildFile; fileRef = F6B22F5E244899CF005BB6E7 /* Main.storyboard */; };
		F6B22F62244899D2005BB6E7 /* Assets.xcassets in Resources */ = {isa = PBXBuildFile; fileRef = F6B22F61244899D2005BB6E7 /* Assets.xcassets */; };
		F6B22F65244899D2005BB6E7 /* LaunchScreen.storyboard in Resources */ = {isa = PBXBuildFile; fileRef = F6B22F63244899D2005BB6E7 /* LaunchScreen.storyboard */; };
		F6B22F70244899D2005BB6E7 /* ARGalleryTests.swift in Sources */ = {isa = PBXBuildFile; fileRef = F6B22F6F244899D2005BB6E7 /* ARGalleryTests.swift */; };
		F6B22F7B244899D2005BB6E7 /* ARGalleryUITests.swift in Sources */ = {isa = PBXBuildFile; fileRef = F6B22F7A244899D2005BB6E7 /* ARGalleryUITests.swift */; };
/* End PBXBuildFile section */

/* Begin PBXContainerItemProxy section */
		F6B22F6C244899D2005BB6E7 /* PBXContainerItemProxy */ = {
			isa = PBXContainerItemProxy;
			containerPortal = F6B22F4D244899CF005BB6E7 /* Project object */;
			proxyType = 1;
			remoteGlobalIDString = F6B22F54244899CF005BB6E7;
			remoteInfo = ARGallery;
		};
		F6B22F77244899D2005BB6E7 /* PBXContainerItemProxy */ = {
			isa = PBXContainerItemProxy;
			containerPortal = F6B22F4D244899CF005BB6E7 /* Project object */;
			proxyType = 1;
			remoteGlobalIDString = F6B22F54244899CF005BB6E7;
			remoteInfo = ARGallery;
		};
/* End PBXContainerItemProxy section */

/* Begin PBXFileReference section */
		F6B22F55244899CF005BB6E7 /* ARGallery.app */ = {isa = PBXFileReference; explicitFileType = wrapper.application; includeInIndex = 0; path = ARGallery.app; sourceTree = BUILT_PRODUCTS_DIR; };
		F6B22F58244899CF005BB6E7 /* AppDelegate.swift */ = {isa = PBXFileReference; lastKnownFileType = sourcecode.swift; path = AppDelegate.swift; sourceTree = "<group>"; };
		F6B22F5A244899CF005BB6E7 /* ViewController.swift */ = {isa = PBXFileReference; lastKnownFileType = sourcecode.swift; path = ViewController.swift; sourceTree = "<group>"; };
		F6B22F5F244899CF005BB6E7 /* Base */ = {isa = PBXFileReference; lastKnownFileType = file.storyboard; name = Base; path = Base.lproj/Main.storyboard; sourceTree = "<group>"; };
		F6B22F61244899D2005BB6E7 /* Assets.xcassets */ = {isa = PBXFileReference; lastKnownFileType = folder.assetcatalog; path = Assets.xcassets; sourceTree = "<group>"; };
		F6B22F64244899D2005BB6E7 /* Base */ = {isa = PBXFileReference; lastKnownFileType = file.storyboard; name = Base; path = Base.lproj/LaunchScreen.storyboard; sourceTree = "<group>"; };
		F6B22F66244899D2005BB6E7 /* Info.plist */ = {isa = PBXFileReference; lastKnownFileType = text.plist.xml; path = Info.plist; sourceTree = "<group>"; };
		F6B22F6B244899D2005BB6E7 /* ARGalleryTests.xctest */ = {isa = PBXFileReference; explicitFileType = wrapper.cfbundle; includeInIndex = 0; path = ARGalleryTests.xctest; sourceTree = BUILT_PRODUCTS_DIR; };
		F6B22F6F244899D2005BB6E7 /* ARGalleryTests.swift */ = {isa = PBXFileReference; lastKnownFileType = sourcecode.swift; path = ARGalleryTests.swift; sourceTree = "<group>"; };
		F6B22F71244899D2005BB6E7 /* Info.plist */ = {isa = PBXFileReference; lastKnownFileType = text.plist.xml; path = Info.plist; sourceTree = "<group>"; };
		F6B22F76244899D2005BB6E7 /* ARGalleryUITests.xctest */ = {isa = PBXFileReference; explicitFileType = wrapper.cfbundle; includeInIndex = 0; path = ARGalleryUITests.xctest; sourceTree = BUILT_PRODUCTS_DIR; };
		F6B22F7A244899D2005BB6E7 /* ARGalleryUITests.swift */ = {isa = PBXFileReference; lastKnownFileType = sourcecode.swift; path = ARGalleryUITests.swift; sourceTree = "<group>"; };
		F6B22F7C244899D2005BB6E7 /* Info.plist */ = {isa = PBXFileReference; lastKnownFileType = text.plist.xml; path = Info.plist; sourceTree = "<group>"; };
		F6ED0DA5244F9CC50056F47C /* MyScene.rcproject */ = {isa = PBXFileReference; lastKnownFileType = file.rcproject; name = MyScene.rcproject; path = /Users/bassistzero/Desktop/Code/ARGallery/ARGallery/MyScene.rcproject; sourceTree = "<absolute>"; };
/* End PBXFileReference section */

/* Begin PBXFrameworksBuildPhase section */
		F6B22F52244899CF005BB6E7 /* Frameworks */ = {
			isa = PBXFrameworksBuildPhase;
			buildActionMask = 2147483647;
			files = (
			);
			runOnlyForDeploymentPostprocessing = 0;
		};
		F6B22F68244899D2005BB6E7 /* Frameworks */ = {
			isa = PBXFrameworksBuildPhase;
			buildActionMask = 2147483647;
			files = (
			);
			runOnlyForDeploymentPostprocessing = 0;
		};
		F6B22F73244899D2005BB6E7 /* Frameworks */ = {
			isa = PBXFrameworksBuildPhase;
			buildActionMask = 2147483647;
			files = (
			);
			runOnlyForDeploymentPostprocessing = 0;
		};
/* End PBXFrameworksBuildPhase section */

/* Begin PBXGroup section */
		F6B22F4C244899CF005BB6E7 = {
			isa = PBXGroup;
			children = (
				F6B22F57244899CF005BB6E7 /* ARGallery */,
				F6B22F6E244899D2005BB6E7 /* ARGalleryTests */,
				F6B22F79244899D2005BB6E7 /* ARGalleryUITests */,
				F6B22F56244899CF005BB6E7 /* Products */,
			);
			sourceTree = "<group>";
		};
		F6B22F56244899CF005BB6E7 /* Products */ = {
			isa = PBXGroup;
			children = (
				F6B22F55244899CF005BB6E7 /* ARGallery.app */,
				F6B22F6B244899D2005BB6E7 /* ARGalleryTests.xctest */,
				F6B22F76244899D2005BB6E7 /* ARGalleryUITests.xctest */,
			);
			name = Products;
			sourceTree = "<group>";
		};
		F6B22F57244899CF005BB6E7 /* ARGallery */ = {
			isa = PBXGroup;
			children = (
				F6B22F58244899CF005BB6E7 /* AppDelegate.swift */,
				F6B22F5A244899CF005BB6E7 /* ViewController.swift */,
				F6B22F5E244899CF005BB6E7 /* Main.storyboard */,
				F6ED0DA5244F9CC50056F47C /* MyScene.rcproject */,
				F6B22F61244899D2005BB6E7 /* Assets.xcassets */,
				F6B22F63244899D2005BB6E7 /* LaunchScreen.storyboard */,
				F6B22F66244899D2005BB6E7 /* Info.plist */,
			);
			path = ARGallery;
			sourceTree = "<group>";
		};
		F6B22F6E244899D2005BB6E7 /* ARGalleryTests */ = {
			isa = PBXGroup;
			children = (
				F6B22F6F244899D2005BB6E7 /* ARGalleryTests.swift */,
				F6B22F71244899D2005BB6E7 /* Info.plist */,
			);
			path = ARGalleryTests;
			sourceTree = "<group>";
		};
		F6B22F79244899D2005BB6E7 /* ARGalleryUITests */ = {
			isa = PBXGroup;
			children = (
				F6B22F7A244899D2005BB6E7 /* ARGalleryUITests.swift */,
				F6B22F7C244899D2005BB6E7 /* Info.plist */,
			);
			path = ARGalleryUITests;
			sourceTree = "<group>";
		};
/* End PBXGroup section */

/* Begin PBXNativeTarget section */
		F6B22F54244899CF005BB6E7 /* ARGallery */ = {
			isa = PBXNativeTarget;
			buildConfigurationList = F6B22F7F244899D2005BB6E7 /* Build configuration list for PBXNativeTarget "ARGallery" */;
			buildPhases = (
				F6B22F51244899CF005BB6E7 /* Sources */,
				F6B22F52244899CF005BB6E7 /* Frameworks */,
				F6B22F53244899CF005BB6E7 /* Resources */,
			);
			buildRules = (
			);
			dependencies = (
			);
			name = ARGallery;
			productName = ARGallery;
			productReference = F6B22F55244899CF005BB6E7 /* ARGallery.app */;
			productType = "com.apple.product-type.application";
		};
		F6B22F6A244899D2005BB6E7 /* ARGalleryTests */ = {
			isa = PBXNativeTarget;
			buildConfigurationList = F6B22F82244899D2005BB6E7 /* Build configuration list for PBXNativeTarget "ARGalleryTests" */;
			buildPhases = (
				F6B22F67244899D2005BB6E7 /* Sources */,
				F6B22F68244899D2005BB6E7 /* Frameworks */,
				F6B22F69244899D2005BB6E7 /* Resources */,
			);
			buildRules = (
			);
			dependencies = (
				F6B22F6D244899D2005BB6E7 /* PBXTargetDependency */,
			);
			name = ARGalleryTests;
			productName = ARGalleryTests;
			productReference = F6B22F6B244899D2005BB6E7 /* ARGalleryTests.xctest */;
			productType = "com.apple.product-type.bundle.unit-test";
		};
		F6B22F75244899D2005BB6E7 /* ARGalleryUITests */ = {
			isa = PBXNativeTarget;
			buildConfigurationList = F6B22F85244899D2005BB6E7 /* Build configuration list for PBXNativeTarget "ARGalleryUITests" */;
			buildPhases = (
				F6B22F72244899D2005BB6E7 /* Sources */,
				F6B22F73244899D2005BB6E7 /* Frameworks */,
				F6B22F74244899D2005BB6E7 /* Resources */,
			);
			buildRules = (
			);
			dependencies = (
				F6B22F78244899D2005BB6E7 /* PBXTargetDependency */,
			);
			name = ARGalleryUITests;
			productName = ARGalleryUITests;
			productReference = F6B22F76244899D2005BB6E7 /* ARGalleryUITests.xctest */;
			productType = "com.apple.product-type.bundle.ui-testing";
		};
/* End PBXNativeTarget section */

/* Begin PBXProject section */
		F6B22F4D244899CF005BB6E7 /* Project object */ = {
			isa = PBXProject;
			attributes = {
				LastSwiftUpdateCheck = 1140;
				LastUpgradeCheck = 1140;
				ORGANIZATIONNAME = Bassist_Zero;
				TargetAttributes = {
					F6B22F54244899CF005BB6E7 = {
						CreatedOnToolsVersion = 11.4;
					};
					F6B22F6A244899D2005BB6E7 = {
						CreatedOnToolsVersion = 11.4;
						TestTargetID = F6B22F54244899CF005BB6E7;
					};
					F6B22F75244899D2005BB6E7 = {
						CreatedOnToolsVersion = 11.4;
						TestTargetID = F6B22F54244899CF005BB6E7;
					};
				};
			};
			buildConfigurationList = F6B22F50244899CF005BB6E7 /* Build configuration list for PBXProject "ARGallery" */;
			compatibilityVersion = "Xcode 9.3";
			developmentRegion = en;
			hasScannedForEncodings = 0;
			knownRegions = (
				en,
				Base,
			);
			mainGroup = F6B22F4C244899CF005BB6E7;
			productRefGroup = F6B22F56244899CF005BB6E7 /* Products */;
			projectDirPath = "";
			projectRoot = "";
			targets = (
				F6B22F54244899CF005BB6E7 /* ARGallery */,
				F6B22F6A244899D2005BB6E7 /* ARGalleryTests */,
				F6B22F75244899D2005BB6E7 /* ARGalleryUITests */,
			);
		};
/* End PBXProject section */

/* Begin PBXResourcesBuildPhase section */
		F6B22F53244899CF005BB6E7 /* Resources */ = {
			isa = PBXResourcesBuildPhase;
			buildActionMask = 2147483647;
			files = (
				F6B22F65244899D2005BB6E7 /* LaunchScreen.storyboard in Resources */,
				F6B22F62244899D2005BB6E7 /* Assets.xcassets in Resources */,
				F6B22F60244899CF005BB6E7 /* Main.storyboard in Resources */,
			);
			runOnlyForDeploymentPostprocessing = 0;
		};
		F6B22F69244899D2005BB6E7 /* Resources */ = {
			isa = PBXResourcesBuildPhase;
			buildActionMask = 2147483647;
			files = (
			);
			runOnlyForDeploymentPostprocessing = 0;
		};
		F6B22F74244899D2005BB6E7 /* Resources */ = {
			isa = PBXResourcesBuildPhase;
			buildActionMask = 2147483647;
			files = (
			);
			runOnlyForDeploymentPostprocessing = 0;
		};
/* End PBXResourcesBuildPhase section */

/* Begin PBXSourcesBuildPhase section */
		F6B22F51244899CF005BB6E7 /* Sources */ = {
			isa = PBXSourcesBuildPhase;
			buildActionMask = 2147483647;
			files = (
				F69C1797244F9D730006E8B8 /* MyScene.rcproject in Sources */,
				F6B22F5B244899CF005BB6E7 /* ViewController.swift in Sources */,
				F6B22F59244899CF005BB6E7 /* AppDelegate.swift in Sources */,
			);
			runOnlyForDeploymentPostprocessing = 0;
		};
		F6B22F67244899D2005BB6E7 /* Sources */ = {
			isa = PBXSourcesBuildPhase;
			buildActionMask = 2147483647;
			files = (
				F6B22F70244899D2005BB6E7 /* ARGalleryTests.swift in Sources */,
			);
			runOnlyForDeploymentPostprocessing = 0;
		};
		F6B22F72244899D2005BB6E7 /* Sources */ = {
			isa = PBXSourcesBuildPhase;
			buildActionMask = 2147483647;
			files = (
				F6B22F7B244899D2005BB6E7 /* ARGalleryUITests.swift in Sources */,
			);
			runOnlyForDeploymentPostprocessing = 0;
		};
/* End PBXSourcesBuildPhase section */

/* Begin PBXTargetDependency section */
		F6B22F6D244899D2005BB6E7 /* PBXTargetDependency */ = {
			isa = PBXTargetDependency;
			target = F6B22F54244899CF005BB6E7 /* ARGallery */;
			targetProxy = F6B22F6C244899D2005BB6E7 /* PBXContainerItemProxy */;
		};
		F6B22F78244899D2005BB6E7 /* PBXTargetDependency */ = {
			isa = PBXTargetDependency;
			target = F6B22F54244899CF005BB6E7 /* ARGallery */;
			targetProxy = F6B22F77244899D2005BB6E7 /* PBXContainerItemProxy */;
		};
/* End PBXTargetDependency section */

/* Begin PBXVariantGroup section */
		F6B22F5E244899CF005BB6E7 /* Main.storyboard */ = {
			isa = PBXVariantGroup;
			children = (
				F6B22F5F244899CF005BB6E7 /* Base */,
			);
			name = Main.storyboard;
			sourceTree = "<group>";
		};
		F6B22F63244899D2005BB6E7 /* LaunchScreen.storyboard */ = {
			isa = PBXVariantGroup;
			children = (
				F6B22F64244899D2005BB6E7 /* Base */,
			);
			name = LaunchScreen.storyboard;
			sourceTree = "<group>";
		};
/* End PBXVariantGroup section */

/* Begin XCBuildConfiguration section */
		F6B22F7D244899D2005BB6E7 /* Debug */ = {
			isa = XCBuildConfiguration;
			buildSettings = {
				ALWAYS_SEARCH_USER_PATHS = NO;
				CLANG_ANALYZER_NONNULL = YES;
				CLANG_ANALYZER_NUMBER_OBJECT_CONVERSION = YES_AGGRESSIVE;
				CLANG_CXX_LANGUAGE_STANDARD = "gnu++14";
				CLANG_CXX_LIBRARY = "libc++";
				CLANG_ENABLE_MODULES = YES;
				CLANG_ENABLE_OBJC_ARC = YES;
				CLANG_ENABLE_OBJC_WEAK = YES;
				CLANG_WARN_BLOCK_CAPTURE_AUTORELEASING = YES;
				CLANG_WARN_BOOL_CONVERSION = YES;
				CLANG_WARN_COMMA = YES;
				CLANG_WARN_CONSTANT_CONVERSION = YES;
				CLANG_WARN_DEPRECATED_OBJC_IMPLEMENTATIONS = YES;
				CLANG_WARN_DIRECT_OBJC_ISA_USAGE = YES_ERROR;
				CLANG_WARN_DOCUMENTATION_COMMENTS = YES;
				CLANG_WARN_EMPTY_BODY = YES;
				CLANG_WARN_ENUM_CONVERSION = YES;
				CLANG_WARN_INFINITE_RECURSION = YES;
				CLANG_WARN_INT_CONVERSION = YES;
				CLANG_WARN_NON_LITERAL_NULL_CONVERSION = YES;
				CLANG_WARN_OBJC_IMPLICIT_RETAIN_SELF = YES;
				CLANG_WARN_OBJC_LITERAL_CONVERSION = YES;
				CLANG_WARN_OBJC_ROOT_CLASS = YES_ERROR;
				CLANG_WARN_RANGE_LOOP_ANALYSIS = YES;
				CLANG_WARN_STRICT_PROTOTYPES = YES;
				CLANG_WARN_SUSPICIOUS_MOVE = YES;
				CLANG_WARN_UNGUARDED_AVAILABILITY = YES_AGGRESSIVE;
				CLANG_WARN_UNREACHABLE_CODE = YES;
				CLANG_WARN__DUPLICATE_METHOD_MATCH = YES;
				COPY_PHASE_STRIP = NO;
				DEBUG_INFORMATION_FORMAT = dwarf;
				ENABLE_STRICT_OBJC_MSGSEND = YES;
				ENABLE_TESTABILITY = YES;
				GCC_C_LANGUAGE_STANDARD = gnu11;
				GCC_DYNAMIC_NO_PIC = NO;
				GCC_NO_COMMON_BLOCKS = YES;
				GCC_OPTIMIZATION_LEVEL = 0;
				GCC_PREPROCESSOR_DEFINITIONS = (
					"DEBUG=1",
					"$(inherited)",
				);
				GCC_WARN_64_TO_32_BIT_CONVERSION = YES;
				GCC_WARN_ABOUT_RETURN_TYPE = YES_ERROR;
				GCC_WARN_UNDECLARED_SELECTOR = YES;
				GCC_WARN_UNINITIALIZED_AUTOS = YES_AGGRESSIVE;
				GCC_WARN_UNUSED_FUNCTION = YES;
				GCC_WARN_UNUSED_VARIABLE = YES;
				IPHONEOS_DEPLOYMENT_TARGET = 13.4;
				MTL_ENABLE_DEBUG_INFO = INCLUDE_SOURCE;
				MTL_FAST_MATH = YES;
				ONLY_ACTIVE_ARCH = YES;
				SDKROOT = iphoneos;
				SWIFT_ACTIVE_COMPILATION_CONDITIONS = DEBUG;
				SWIFT_OPTIMIZATION_LEVEL = "-Onone";
			};
			name = Debug;
		};
		F6B22F7E244899D2005BB6E7 /* Release */ = {
			isa = XCBuildConfiguration;
			buildSettings = {
				ALWAYS_SEARCH_USER_PATHS = NO;
				CLANG_ANALYZER_NONNULL = YES;
				CLANG_ANALYZER_NUMBER_OBJECT_CONVERSION = YES_AGGRESSIVE;
				CLANG_CXX_LANGUAGE_STANDARD = "gnu++14";
				CLANG_CXX_LIBRARY = "libc++";
				CLANG_ENABLE_MODULES = YES;
				CLANG_ENABLE_OBJC_ARC = YES;
				CLANG_ENABLE_OBJC_WEAK = YES;
				CLANG_WARN_BLOCK_CAPTURE_AUTORELEASING = YES;
				CLANG_WARN_BOOL_CONVERSION = YES;
				CLANG_WARN_COMMA = YES;
				CLANG_WARN_CONSTANT_CONVERSION = YES;
				CLANG_WARN_DEPRECATED_OBJC_IMPLEMENTATIONS = YES;
				CLANG_WARN_DIRECT_OBJC_ISA_USAGE = YES_ERROR;
				CLANG_WARN_DOCUMENTATION_COMMENTS = YES;
				CLANG_WARN_EMPTY_BODY = YES;
				CLANG_WARN_ENUM_CONVERSION = YES;
				CLANG_WARN_INFINITE_RECURSION = YES;
				CLANG_WARN_INT_CONVERSION = YES;
				CLANG_WARN_NON_LITERAL_NULL_CONVERSION = YES;
				CLANG_WARN_OBJC_IMPLICIT_RETAIN_SELF = YES;
				CLANG_WARN_OBJC_LITERAL_CONVERSION = YES;
				CLANG_WARN_OBJC_ROOT_CLASS = YES_ERROR;
				CLANG_WARN_RANGE_LOOP_ANALYSIS = YES;
				CLANG_WARN_STRICT_PROTOTYPES = YES;
				CLANG_WARN_SUSPICIOUS_MOVE = YES;
				CLANG_WARN_UNGUARDED_AVAILABILITY = YES_AGGRESSIVE;
				CLANG_WARN_UNREACHABLE_CODE = YES;
				CLANG_WARN__DUPLICATE_METHOD_MATCH = YES;
				COPY_PHASE_STRIP = NO;
				DEBUG_INFORMATION_FORMAT = "dwarf-with-dsym";
				ENABLE_NS_ASSERTIONS = NO;
				ENABLE_STRICT_OBJC_MSGSEND = YES;
				GCC_C_LANGUAGE_STANDARD = gnu11;
				GCC_NO_COMMON_BLOCKS = YES;
				GCC_WARN_64_TO_32_BIT_CONVERSION = YES;
				GCC_WARN_ABOUT_RETURN_TYPE = YES_ERROR;
				GCC_WARN_UNDECLARED_SELECTOR = YES;
				GCC_WARN_UNINITIALIZED_AUTOS = YES_AGGRESSIVE;
				GCC_WARN_UNUSED_FUNCTION = YES;
				GCC_WARN_UNUSED_VARIABLE = YES;
				IPHONEOS_DEPLOYMENT_TARGET = 13.4;
				MTL_ENABLE_DEBUG_INFO = NO;
				MTL_FAST_MATH = YES;
				SDKROOT = iphoneos;
				SWIFT_COMPILATION_MODE = wholemodule;
				SWIFT_OPTIMIZATION_LEVEL = "-O";
				VALIDATE_PRODUCT = YES;
			};
			name = Release;
		};
		F6B22F80244899D2005BB6E7 /* Debug */ = {
			isa = XCBuildConfiguration;
			buildSettings = {
				ASSETCATALOG_COMPILER_APPICON_NAME = AppIcon;
				CODE_SIGN_STYLE = Automatic;
				DEVELOPMENT_TEAM = SMNXVGXK4L;
				INFOPLIST_FILE = ARGallery/Info.plist;
				LD_RUNPATH_SEARCH_PATHS = (
					"$(inherited)",
					"@executable_path/Frameworks",
				);
				PRODUCT_BUNDLE_IDENTIFIER = "kek.Bassist-Zero.ARGallery";
				PRODUCT_NAME = "$(TARGET_NAME)";
				SWIFT_VERSION = 5.0;
				TARGETED_DEVICE_FAMILY = "1,2";
			};
			name = Debug;
		};
		F6B22F81244899D2005BB6E7 /* Release */ = {
			isa = XCBuildConfiguration;
			buildSettings = {
				ASSETCATALOG_COMPILER_APPICON_NAME = AppIcon;
				CODE_SIGN_STYLE = Automatic;
				DEVELOPMENT_TEAM = SMNXVGXK4L;
				INFOPLIST_FILE = ARGallery/Info.plist;
				LD_RUNPATH_SEARCH_PATHS = (
					"$(inherited)",
					"@executable_path/Frameworks",
				);
				PRODUCT_BUNDLE_IDENTIFIER = "kek.Bassist-Zero.ARGallery";
				PRODUCT_NAME = "$(TARGET_NAME)";
				SWIFT_VERSION = 5.0;
				TARGETED_DEVICE_FAMILY = "1,2";
			};
			name = Release;
		};
		F6B22F83244899D2005BB6E7 /* Debug */ = {
			isa = XCBuildConfiguration;
			buildSettings = {
				ALWAYS_EMBED_SWIFT_STANDARD_LIBRARIES = YES;
				BUNDLE_LOADER = "$(TEST_HOST)";
				CODE_SIGN_STYLE = Automatic;
				DEVELOPMENT_TEAM = SMNXVGXK4L;
				INFOPLIST_FILE = ARGalleryTests/Info.plist;
				IPHONEOS_DEPLOYMENT_TARGET = 13.4;
				LD_RUNPATH_SEARCH_PATHS = (
					"$(inherited)",
					"@executable_path/Frameworks",
					"@loader_path/Frameworks",
				);
				PRODUCT_BUNDLE_IDENTIFIER = "kek.Bassist-Zero.ARGalleryTests";
				PRODUCT_NAME = "$(TARGET_NAME)";
				SWIFT_VERSION = 5.0;
				TARGETED_DEVICE_FAMILY = "1,2";
				TEST_HOST = "$(BUILT_PRODUCTS_DIR)/ARGallery.app/ARGallery";
			};
			name = Debug;
		};
		F6B22F84244899D2005BB6E7 /* Release */ = {
			isa = XCBuildConfiguration;
			buildSettings = {
				ALWAYS_EMBED_SWIFT_STANDARD_LIBRARIES = YES;
				BUNDLE_LOADER = "$(TEST_HOST)";
				CODE_SIGN_STYLE = Automatic;
				DEVELOPMENT_TEAM = SMNXVGXK4L;
				INFOPLIST_FILE = ARGalleryTests/Info.plist;
				IPHONEOS_DEPLOYMENT_TARGET = 13.4;
				LD_RUNPATH_SEARCH_PATHS = (
					"$(inherited)",
					"@executable_path/Frameworks",
					"@loader_path/Frameworks",
				);
				PRODUCT_BUNDLE_IDENTIFIER = "kek.Bassist-Zero.ARGalleryTests";
				PRODUCT_NAME = "$(TARGET_NAME)";
				SWIFT_VERSION = 5.0;
				TARGETED_DEVICE_FAMILY = "1,2";
				TEST_HOST = "$(BUILT_PRODUCTS_DIR)/ARGallery.app/ARGallery";
			};
			name = Release;
		};
		F6B22F86244899D2005BB6E7 /* Debug */ = {
			isa = XCBuildConfiguration;
			buildSettings = {
				ALWAYS_EMBED_SWIFT_STANDARD_LIBRARIES = YES;
				CODE_SIGN_STYLE = Automatic;
				DEVELOPMENT_TEAM = SMNXVGXK4L;
				INFOPLIST_FILE = ARGalleryUITests/Info.plist;
				LD_RUNPATH_SEARCH_PATHS = (
					"$(inherited)",
					"@executable_path/Frameworks",
					"@loader_path/Frameworks",
				);
				PRODUCT_BUNDLE_IDENTIFIER = "kek.Bassist-Zero.ARGalleryUITests";
				PRODUCT_NAME = "$(TARGET_NAME)";
				SWIFT_VERSION = 5.0;
				TARGETED_DEVICE_FAMILY = "1,2";
				TEST_TARGET_NAME = ARGallery;
			};
			name = Debug;
		};
		F6B22F87244899D2005BB6E7 /* Release */ = {
			isa = XCBuildConfiguration;
			buildSettings = {
				ALWAYS_EMBED_SWIFT_STANDARD_LIBRARIES = YES;
				CODE_SIGN_STYLE = Automatic;
				DEVELOPMENT_TEAM = SMNXVGXK4L;
				INFOPLIST_FILE = ARGalleryUITests/Info.plist;
				LD_RUNPATH_SEARCH_PATHS = (
					"$(inherited)",
					"@executable_path/Frameworks",
					"@loader_path/Frameworks",
				);
				PRODUCT_BUNDLE_IDENTIFIER = "kek.Bassist-Zero.ARGalleryUITests";
				PRODUCT_NAME = "$(TARGET_NAME)";
				SWIFT_VERSION = 5.0;
				TARGETED_DEVICE_FAMILY = "1,2";
				TEST_TARGET_NAME = ARGallery;
			};
			name = Release;
		};
/* End XCBuildConfiguration section */

/* Begin XCConfigurationList section */
		F6B22F50244899CF005BB6E7 /* Build configuration list for PBXProject "ARGallery" */ = {
			isa = XCConfigurationList;
			buildConfigurations = (
				F6B22F7D244899D2005BB6E7 /* Debug */,
				F6B22F7E244899D2005BB6E7 /* Release */,
			);
			defaultConfigurationIsVisible = 0;
			defaultConfigurationName = Release;
		};
		F6B22F7F244899D2005BB6E7 /* Build configuration list for PBXNativeTarget "ARGallery" */ = {
			isa = XCConfigurationList;
			buildConfigurations = (
				F6B22F80244899D2005BB6E7 /* Debug */,
				F6B22F81244899D2005BB6E7 /* Release */,
			);
			defaultConfigurationIsVisible = 0;
			defaultConfigurationName = Release;
		};
		F6B22F82244899D2005BB6E7 /* Build configuration list for PBXNativeTarget "ARGalleryTests" */ = {
			isa = XCConfigurationList;
			buildConfigurations = (
				F6B22F83244899D2005BB6E7 /* Debug */,
				F6B22F84244899D2005BB6E7 /* Release */,
			);
			defaultConfigurationIsVisible = 0;
			defaultConfigurationName = Release;
		};
		F6B22F85244899D2005BB6E7 /* Build configuration list for PBXNativeTarget "ARGalleryUITests" */ = {
			isa = XCConfigurationList;
			buildConfigurations = (
				F6B22F86244899D2005BB6E7 /* Debug */,
				F6B22F87244899D2005BB6E7 /* Release */,
			);
			defaultConfigurationIsVisible = 0;
			defaultConfigurationName = Release;
		};
/* End XCConfigurationList section */
	};
	rootObject = F6B22F4D244899CF005BB6E7 /* Project object */;
}
